
Microsoft Visual Studio Solution File, Format Version 12.00
# Visual Studio 15
VisualStudioVersion = 15.0.28010.2003
MinimumVisualStudioVersion = 10.0.40219.1
Project("{FAE04EC0-301F-11D3-BF4B-00C04F79EFBC}") = "Launcher", "Launcher\Launcher.csproj", "{23615042-F7F7-4430-86D3-D4D7BD2ED4E2}"
EndProject
Global
	GlobalSection(SolutionConfigurationPlatforms) = preSolution
		Debug|Any CPU = Debug|Any CPU
		Release|Any CPU = Release|Any CPU
	EndGlobalSection
	GlobalSection(ProjectConfigurationPlatforms) = postSolution
		{23615042-F7F7-4430-86D3-D4D7BD2ED4E2}.Debug|Any CPU.ActiveCfg = Debug|Any CPU
		{23615042-F7F7-4430-86D3-D4D7BD2ED4E2}.Debug|Any CPU.Build.0 = Debug|Any CPU
		{23615042-F7F7-4430-86D3-D4D7BD2ED4E2}.Release|Any CPU.ActiveCfg = Release|Any CPU
		{23615042-F7F7-4430-86D3-D4D7BD2ED4E2}.Release|Any CPU.Build.0 = Release|Any CPU
	EndGlobalSection
	GlobalSection(SolutionProperties) = preSolution
		HideSolutionNode = FALSE
	EndGlobalSection
	GlobalSection(ExtensibilityGlobals) = postSolution
		SolutionGuid = {7231BE82-3ADF-4F19-93BC-43D383DFB2B0}
	EndGlobalSection
EndGlobal
